{
  "name": "friendchats",
  "version": "1.0.0",
  "lockfileVersion": 3,
  "requires": true,
  "packages": {
    "": {
      "name": "friendchats",
      "version": "1.0.0",
      "license": "ISC",
      "dependencies": {
        "grammarify": "^2.1.0"
      }
    },
    "node_modules/any-promise": {
      "version": "1.3.0",
      "resolved": "https://registry.npmjs.org/any-promise/-/any-promise-1.3.0.tgz",
      "integrity": "sha512-7UvmKalWRt1wgjL1RrGxoSJW/0QZFIegpeGvZG9kjp8vrRu55XTHbwnqq2GpXm9uLbcuhxm3IqX9OB4MZR1b2A=="
    },
    "node_modules/grammarify": {
      "version": "2.1.0",
      "resolved": "https://registry.npmjs.org/grammarify/-/grammarify-2.1.0.tgz",
      "integrity": "sha512-rmwBkz+LbOQpOoFRCy4E1GEf8TjQOPhrF1F7PD4PEkANtN9wilaLyW+Jz0mTkTukqchrk5fK1jiLcljqImNstA==",
      "dependencies": {
        "spellchecker": "3.7.1"
      }
    },
    "node_modules/nan": {
      "version": "2.18.0",
      "resolved": "https://registry.npmjs.org/nan/-/nan-2.18.0.tgz",
      "integrity": "sha512-W7tfG7vMOGtD30sHoZSSc/JVYiyDPEyQVso/Zz+/uQd0B0L46gtC+pHha5FFMRpil6fm/AoEcRWyOVi4+E/f8w=="
    },
    "node_modules/spellchecker": {
      "version": "3.7.1",
      "resolved": "https://registry.npmjs.org/spellchecker/-/spellchecker-3.7.1.tgz",
      "integrity": "sha512-j36QRZrekxPXy58fo2B/Le3GzHryLv9Zq2Hqz907+JmUBCP35tJlwwhCo4n1lwisBDK40IFHqEHPUe5gwUkpwA==",
      "hasInstallScript": true,
      "dependencies": {
        "any-promise": "^1.3.0",
        "nan": "^2.14.0"
      }
    }
  }
}
